github.com/davidsneighbour/hugo-opensearch v1.0.2 h1:EJokFUo7roHdp2uHK84vjqEMZFiX4xFvtugzEBo81bM=
github.com/davidsneighbour/hugo-opensearch v1.0.2/go.mod h1:1nekru22wosNIGNFJTnxA6FwM9xESe4MrjXGnpqLK7I=
github.com/davidsneighbour/hugo-pwa v1.0.0 h1:BqXXOSNcxcV3pSrDsik3TY4BcqJmHNRWdr2M2twGHkE=
github.com/davidsneighbour/hugo-pwa v1.0.0/go.mod h1:W3O4g46pYzCMmiqGnXT/7BVNDfDQ+FXqZoMu/xzaeVQ=
github.com/davidsneighbour/hugo-robots v1.1.1 h1:7G+AdLypvxWIrAE44sAchkPYlPdPm0soKNvmoahcWz0=
github.com/davidsneighbour/hugo-robots v1.1.1/go.mod h1:q4YHx8ppcEtXa7bpCC0h+ml6lXCPsvemZrufl5XU+9U=
github.com/davidsneighbour/hugo-security v1.1.2 h1:NbLsWJP7Fm+QyIgJmSdGKaRo93r04wd1eyiYjS4j4O0=
github.com/davidsneighbour/hugo-security v1.1.2/go.mod h1:MJvazS6ktIK7tbA+pddZopCTs1Rbw4iq21bv4J7GJ3U=
github.com/davidsneighbour/hugo-sitemap v0.1.2 h1:ZPyGaL6w5xeh4t2dYhmaySP+Y87Sou6pz5uYT0gxybk=
github.com/davidsneighbour/hugo-sitemap v0.1.2/go.mod h1:HoRsrOi5g/IND7aAw6gA0QNXObNd9P9ar8P27PWeURM=
github.com/theNewDynamic/hugo-module-tnd-seo v0.1.10 h1:wmYG3ybNYFOjtlxuAigeEDE6enxgxbjUZLvauRfhMiI=
github.com/theNewDynamic/hugo-module-tnd-seo v0.1.10/go.mod h1:VY3Qvzif9T0Z0rjR85ufUQE1wrS/M5VZC9Dx1V8Vo8Y=
github.com/theNewDynamic/hugo-module-tnd-tags v0.0.0-20210820151839-aaac3b65c97e h1:TPtoidPrSDO6Tr8mJAQQ5dTE5ncjJtyCehmFxhvCJvA=
github.com/theNewDynamic/hugo-module-tnd-tags v0.0.0-20210820151839-aaac3b65c97e/go.mod h1:fuXjv9Nbt2hi6oaOVAqhPRrS4hL9uYcwroo6V/Mw7Uk=
